<?xml version="1.0" encoding="utf-8"?>
<Project ToolsVersion="4.0" xmlns="http://schemas.microsoft.com/developer/msbuild/2003">
  <ItemGroup>
    <Filter Include="Source Files">
      <UniqueIdentifier>{4FC737F1-C7A5-4376-A066-2A32D752A2FF}</UniqueIdentifier>
      <Extensions>cpp;c;cc;cxx;c++;cppm;ixx;def;odl;idl;hpj;bat;asm;asmx</Extensions>
    </Filter>
    <Filter Include="Header Files">
      <UniqueIdentifier>{93995380-89BD-4b04-88EB-625FBE52EBFB}</UniqueIdentifier>
      <Extensions>h;hh;hpp;hxx;h++;hm;inl;inc;ipp;xsd</Extensions>
    </Filter>
    <Filter Include="Resource Files">
      <UniqueIdentifier>{67DA6AB6-F800-4c08-8B7A-83BB121AAD01}</UniqueIdentifier>
      <Extensions>rc;ico;cur;bmp;dlg;rc2;rct;bin;rgs;gif;jpg;jpeg;jpe;resx;tiff;tif;png;wav;mfcribbon-ms</Extensions>
    </Filter>
    <Filter Include="winmd">
      <UniqueIdentifier>{a5871ec7-3c24-48a5-9dd6-d33f4a1d13bf}</UniqueIdentifier>
    </Filter>
    <Filter Include="winmd\impl">
      <UniqueIdentifier>{c17b2bf8-f108-4791-af3d-b74794e5679b}</UniqueIdentifier>
    </Filter>
    <Filter Include="winmd\impl\winmd_reader">
      <UniqueIdentifier>{839f15b1-fbe3-43b2-af65-ec8a93ab711e}</UniqueIdentifier>
    </Filter>
  </ItemGroup>
  <ItemGroup>
    <ClInclude Include="code_writers.h">
      <Filter>Header Files</Filter>
    </ClInclude>
    <ClInclude Include="text_writer.h">
      <Filter>Header Files</Filter>
    </ClInclude>
    <ClInclude Include="type_writers.h">
      <Filter>Header Files</Filter>
    </ClInclude>
    <ClInclude Include="base.h">
      <Filter>Header Files</Filter>
    </ClInclude>
    <ClInclude Include="helpers.h">
      <Filter>Header Files</Filter>
    </ClInclude>
    <ClInclude Include="settings.h">
      <Filter>Header Files</Filter>
    </ClInclude>
    <ClInclude Include="cmd_reader.h">
      <Filter>Header Files</Filter>
    </ClInclude>
    <ClInclude Include="resource.h">
      <Filter>Header Files</Filter>
    </ClInclude>
    <ClInclude Include="task_group.h">
      <Filter>Header Files</Filter>
    </ClInclude>
    <ClInclude Include="file_writers.h">
      <Filter>Header Files</Filter>
    </ClInclude>
    <ClInclude Include="type_dependency_graph.h">
      <Filter>Header Files</Filter>
    </ClInclude>
    <ClInclude Include="..\..\winmd\src\winmd_reader.h">
      <Filter>winmd</Filter>
    </ClInclude>
    <ClInclude Include="..\..\winmd\src\impl\base.h">
      <Filter>winmd\impl</Filter>
    </ClInclude>
    <ClInclude Include="..\..\winmd\src\impl\winmd_reader\cache.h">
      <Filter>winmd\impl\winmd_reader</Filter>
    </ClInclude>
    <ClInclude Include="..\..\winmd\src\impl\winmd_reader\column.h">
      <Filter>winmd\impl\winmd_reader</Filter>
    </ClInclude>
    <ClInclude Include="..\..\winmd\src\impl\winmd_reader\custom_attribute.h">
      <Filter>winmd\impl\winmd_reader</Filter>
    </ClInclude>
    <ClInclude Include="..\..\winmd\src\impl\winmd_reader\database.h">
      <Filter>winmd\impl\winmd_reader</Filter>
    </ClInclude>
    <ClInclude Include="..\..\winmd\src\impl\winmd_reader\enum.h">
      <Filter>winmd\impl\winmd_reader</Filter>
    </ClInclude>
    <ClInclude Include="..\..\winmd\src\impl\winmd_reader\enum_traits.h">
      <Filter>winmd\impl\winmd_reader</Filter>
    </ClInclude>
    <ClInclude Include="..\..\winmd\src\impl\winmd_reader\filter.h">
      <Filter>winmd\impl\winmd_reader</Filter>
    </ClInclude>
    <ClInclude Include="..\..\winmd\src\impl\winmd_reader\flags.h">
      <Filter>winmd\impl\winmd_reader</Filter>
    </ClInclude>
    <ClInclude Include="..\..\winmd\src\impl\winmd_reader\helpers.h">
      <Filter>winmd\impl\winmd_reader</Filter>
    </ClInclude>
    <ClInclude Include="..\..\winmd\src\impl\winmd_reader\index.h">
      <Filter>winmd\impl\winmd_reader</Filter>
    </ClInclude>
    <ClInclude Include="..\..\winmd\src\impl\winmd_reader\key.h">
      <Filter>winmd\impl\winmd_reader</Filter>
    </ClInclude>
    <ClInclude Include="..\..\winmd\src\impl\winmd_reader\pe.h">
      <Filter>winmd\impl\winmd_reader</Filter>
    </ClInclude>
    <ClInclude Include="..\..\winmd\src\impl\winmd_reader\schema.h">
      <Filter>winmd\impl\winmd_reader</Filter>
    </ClInclude>
    <ClInclude Include="..\..\winmd\src\impl\winmd_reader\signature.h">
      <Filter>winmd\impl\winmd_reader</Filter>
    </ClInclude>
    <ClInclude Include="..\..\winmd\src\impl\winmd_reader\table.h">
      <Filter>winmd\impl\winmd_reader</Filter>
    </ClInclude>
    <ClInclude Include="..\..\winmd\src\impl\winmd_reader\type_helpers.h">
      <Filter>winmd\impl\winmd_reader</Filter>
    </ClInclude>
    <ClInclude Include="..\..\winmd\src\impl\winmd_reader\view.h">
      <Filter>winmd\impl\winmd_reader</Filter>
    </ClInclude>
  </ItemGroup>
  <ItemGroup>
    <ClCompile Include="main.cpp">
      <Filter>Source Files</Filter>
    </ClCompile>
  </ItemGroup>
  <ItemGroup>
    <ResourceCompile Include="version.rc">
      <Filter>Resource Files</Filter>
    </ResourceCompile>
  </ItemGroup>
</Project>