
Microsoft Visual Studio Solution File, Format Version 12.00
# Visual Studio Version 17
VisualStudioVersion = 17.13.35931.197 d17.13
MinimumVisualStudioVersion = 10.0.40219.1
Project("{FAE04EC0-301F-11D3-BF4B-00C04F79EFBC}") = "ProcessTextTasks", "ProcessTextTasks\ProcessTextTasks.csproj", "{0EF7E268-EEBB-47A6-AB7F-0183E89AD059}"
EndProject
Global
	GlobalSection(SolutionConfigurationPlatforms) = preSolution
		Debug|Any CPU = Debug|Any CPU
		Release|Any CPU = Release|Any CPU
	EndGlobalSection
	GlobalSection(ProjectConfigurationPlatforms) = postSolution
		{0EF7E268-EEBB-47A6-AB7F-0183E89AD059}.Debug|Any CPU.ActiveCfg = Debug|Any CPU
		{0EF7E268-EEBB-47A6-AB7F-0183E89AD059}.Debug|Any CPU.Build.0 = Debug|Any CPU
		{0EF7E268-EEBB-47A6-AB7F-0183E89AD059}.Release|Any CPU.ActiveCfg = Release|Any CPU
		{0EF7E268-EEBB-47A6-AB7F-0183E89AD059}.Release|Any CPU.Build.0 = Release|Any CPU
	EndGlobalSection
	GlobalSection(SolutionProperties) = preSolution
		HideSolutionNode = FALSE
	EndGlobalSection
	GlobalSection(ExtensibilityGlobals) = postSolution
		SolutionGuid = {C73102C6-9B00-45B7-8B2C-D76BC8816965}
	EndGlobalSection
EndGlobal
